
Microsoft Visual Studio Solution File, Format Version 12.00
Project("{FAE04EC0-301F-11D3-BF4B-00C04F79EFBC}") = "QuietQuillAPI", "QuietQuillAPI\QuietQuillAPI.csproj", "{BC5C72CA-7629-4652-8AF1-7ADE885F0DF8}"
EndProject
Project("{FAE04EC0-301F-11D3-BF4B-00C04F79EFBC}") = "Presentation", "Presentation\Presentation.csproj", "{E0C40C70-C6C5-4AFE-8D89-2732A8D7019F}"
EndProject
Project("{2150E333-8FDC-42A3-9474-1A3956D46DE8}") = "src", "src", "{524CE7BC-6579-405A-8C6A-B2678EF1601B}"
EndProject
Project("{FAE04EC0-301F-11D3-BF4B-00C04F79EFBC}") = "Application", "Application\Application.csproj", "{D5E379A4-D64C-473D-9832-8B68B57F75B1}"
EndProject
Project("{FAE04EC0-301F-11D3-BF4B-00C04F79EFBC}") = "Domain", "Domain\Domain.csproj", "{50D9A220-95C3-465D-A873-3252FCB8F032}"
EndProject
Project("{FAE04EC0-301F-11D3-BF4B-00C04F79EFBC}") = "Infrastructure", "Infrastructure\Infrastructure.csproj", "{AF725F3B-2C78-40DF-A2B2-8900CE8A1211}"
EndProject
Project("{2150E333-8FDC-42A3-9474-1A3956D46DE8}") = "test", "test", "{69A229AB-2E4A-4E3D-A74A-9D1310469827}"
EndProject
Project("{FAE04EC0-301F-11D3-BF4B-00C04F79EFBC}") = "ArchitectureTests", "ArchitectureTests\ArchitectureTests.csproj", "{D9851B49-703C-4B54-9B86-BF3833E4144C}"
EndProject
Project("{2150E333-8FDC-42A3-9474-1A3956D46DE8}") = "Solution Items", "Solution Items", "{D58A2152-55D0-4281-933D-B3D8D28F2539}"
	ProjectSection(SolutionItems) = preProject
		docker-compose.yml = docker-compose.yml
	EndProjectSection
EndProject
Global
	GlobalSection(SolutionConfigurationPlatforms) = preSolution
		Debug|Any CPU = Debug|Any CPU
		Release|Any CPU = Release|Any CPU
	EndGlobalSection
	GlobalSection(ProjectConfigurationPlatforms) = postSolution
		{BC5C72CA-7629-4652-8AF1-7ADE885F0DF8}.Debug|Any CPU.ActiveCfg = Debug|Any CPU
		{BC5C72CA-7629-4652-8AF1-7ADE885F0DF8}.Debug|Any CPU.Build.0 = Debug|Any CPU
		{BC5C72CA-7629-4652-8AF1-7ADE885F0DF8}.Release|Any CPU.ActiveCfg = Release|Any CPU
		{BC5C72CA-7629-4652-8AF1-7ADE885F0DF8}.Release|Any CPU.Build.0 = Release|Any CPU
		{E0C40C70-C6C5-4AFE-8D89-2732A8D7019F}.Debug|Any CPU.ActiveCfg = Debug|Any CPU
		{E0C40C70-C6C5-4AFE-8D89-2732A8D7019F}.Debug|Any CPU.Build.0 = Debug|Any CPU
		{E0C40C70-C6C5-4AFE-8D89-2732A8D7019F}.Release|Any CPU.ActiveCfg = Release|Any CPU
		{E0C40C70-C6C5-4AFE-8D89-2732A8D7019F}.Release|Any CPU.Build.0 = Release|Any CPU
		{D5E379A4-D64C-473D-9832-8B68B57F75B1}.Debug|Any CPU.ActiveCfg = Debug|Any CPU
		{D5E379A4-D64C-473D-9832-8B68B57F75B1}.Debug|Any CPU.Build.0 = Debug|Any CPU
		{D5E379A4-D64C-473D-9832-8B68B57F75B1}.Release|Any CPU.ActiveCfg = Release|Any CPU
		{D5E379A4-D64C-473D-9832-8B68B57F75B1}.Release|Any CPU.Build.0 = Release|Any CPU
		{50D9A220-95C3-465D-A873-3252FCB8F032}.Debug|Any CPU.ActiveCfg = Debug|Any CPU
		{50D9A220-95C3-465D-A873-3252FCB8F032}.Debug|Any CPU.Build.0 = Debug|Any CPU
		{50D9A220-95C3-465D-A873-3252FCB8F032}.Release|Any CPU.ActiveCfg = Release|Any CPU
		{50D9A220-95C3-465D-A873-3252FCB8F032}.Release|Any CPU.Build.0 = Release|Any CPU
		{AF725F3B-2C78-40DF-A2B2-8900CE8A1211}.Debug|Any CPU.ActiveCfg = Debug|Any CPU
		{AF725F3B-2C78-40DF-A2B2-8900CE8A1211}.Debug|Any CPU.Build.0 = Debug|Any CPU
		{AF725F3B-2C78-40DF-A2B2-8900CE8A1211}.Release|Any CPU.ActiveCfg = Release|Any CPU
		{AF725F3B-2C78-40DF-A2B2-8900CE8A1211}.Release|Any CPU.Build.0 = Release|Any CPU
		{D9851B49-703C-4B54-9B86-BF3833E4144C}.Debug|Any CPU.ActiveCfg = Debug|Any CPU
		{D9851B49-703C-4B54-9B86-BF3833E4144C}.Debug|Any CPU.Build.0 = Debug|Any CPU
		{D9851B49-703C-4B54-9B86-BF3833E4144C}.Release|Any CPU.ActiveCfg = Release|Any CPU
		{D9851B49-703C-4B54-9B86-BF3833E4144C}.Release|Any CPU.Build.0 = Release|Any CPU
	EndGlobalSection
	GlobalSection(NestedProjects) = preSolution
		{E0C40C70-C6C5-4AFE-8D89-2732A8D7019F} = {524CE7BC-6579-405A-8C6A-B2678EF1601B}
		{BC5C72CA-7629-4652-8AF1-7ADE885F0DF8} = {524CE7BC-6579-405A-8C6A-B2678EF1601B}
		{D5E379A4-D64C-473D-9832-8B68B57F75B1} = {524CE7BC-6579-405A-8C6A-B2678EF1601B}
		{50D9A220-95C3-465D-A873-3252FCB8F032} = {524CE7BC-6579-405A-8C6A-B2678EF1601B}
		{AF725F3B-2C78-40DF-A2B2-8900CE8A1211} = {524CE7BC-6579-405A-8C6A-B2678EF1601B}
		{D9851B49-703C-4B54-9B86-BF3833E4144C} = {69A229AB-2E4A-4E3D-A74A-9D1310469827}
	EndGlobalSection
EndGlobal
